
Microsoft Visual Studio Solution File, Format Version 12.00
# Visual Studio Version 16
VisualStudioVersion = 16.0.29306.81
MinimumVisualStudioVersion = 10.0.40219.1
Project("{FAE04EC0-301F-11D3-BF4B-00C04F79EFBC}") = "ConsumoX.Android", "ConsumoX\ConsumoX.Android\ConsumoX.Android.csproj", "{3D66FCDA-73C8-4427-B36A-7EC244D41D06}"
EndProject
Project("{FAE04EC0-301F-11D3-BF4B-00C04F79EFBC}") = "ConsumoX", "ConsumoX\ConsumoX\ConsumoX.csproj", "{2354708B-04BE-404E-B33F-8669ECF9AFB3}"
EndProject
Global
	GlobalSection(SolutionConfigurationPlatforms) = preSolution
		Debug|Any CPU = Debug|Any CPU
		Release|Any CPU = Release|Any CPU
	EndGlobalSection
	GlobalSection(ProjectConfigurationPlatforms) = postSolution
		{3D66FCDA-73C8-4427-B36A-7EC244D41D06}.Debug|Any CPU.ActiveCfg = Debug|Any CPU
		{3D66FCDA-73C8-4427-B36A-7EC244D41D06}.Debug|Any CPU.Build.0 = Debug|Any CPU
		{3D66FCDA-73C8-4427-B36A-7EC244D41D06}.Debug|Any CPU.Deploy.0 = Debug|Any CPU
		{3D66FCDA-73C8-4427-B36A-7EC244D41D06}.Release|Any CPU.ActiveCfg = Release|Any CPU
		{3D66FCDA-73C8-4427-B36A-7EC244D41D06}.Release|Any CPU.Build.0 = Release|Any CPU
		{3D66FCDA-73C8-4427-B36A-7EC244D41D06}.Release|Any CPU.Deploy.0 = Release|Any CPU
		{2354708B-04BE-404E-B33F-8669ECF9AFB3}.Debug|Any CPU.ActiveCfg = Debug|Any CPU
		{2354708B-04BE-404E-B33F-8669ECF9AFB3}.Debug|Any CPU.Build.0 = Debug|Any CPU
		{2354708B-04BE-404E-B33F-8669ECF9AFB3}.Debug|Any CPU.Deploy.0 = Debug|Any CPU
		{2354708B-04BE-404E-B33F-8669ECF9AFB3}.Release|Any CPU.ActiveCfg = Release|Any CPU
		{2354708B-04BE-404E-B33F-8669ECF9AFB3}.Release|Any CPU.Build.0 = Release|Any CPU
		{2354708B-04BE-404E-B33F-8669ECF9AFB3}.Release|Any CPU.Deploy.0 = Release|Any CPU
	EndGlobalSection
	GlobalSection(SolutionProperties) = preSolution
		HideSolutionNode = FALSE
	EndGlobalSection
	GlobalSection(ExtensibilityGlobals) = postSolution
		SolutionGuid = {6E406693-7768-4328-AD26-11C6293353BC}
	EndGlobalSection
EndGlobal
